Microsoft Visual Studio Solution File, Format Version 12.00
# Visual Studio Version 17
VisualStudioVersion = 17.5.2.0
MinimumVisualStudioVersion = 10.0.40219.1
Project("{FAE04EC0-301F-11D3-BF4B-00C04F79EFBC}") = "Temple", "Temple.csproj", "{AED32136-DA82-4C97-79DB-CCB43D2B1EBC}"
EndProject
Global
	GlobalSection(SolutionConfigurationPlatforms) = preSolution
		Debug|Any CPU = Debug|Any CPU
		Release|Any CPU = Release|Any CPU
	EndGlobalSection
	GlobalSection(ProjectConfigurationPlatforms) = postSolution
		{AED32136-DA82-4C97-79DB-CCB43D2B1EBC}.Debug|Any CPU.ActiveCfg = Debug|Any CPU
		{AED32136-DA82-4C97-79DB-CCB43D2B1EBC}.Debug|Any CPU.Build.0 = Debug|Any CPU
		{AED32136-DA82-4C97-79DB-CCB43D2B1EBC}.Release|Any CPU.ActiveCfg = Release|Any CPU
		{AED32136-DA82-4C97-79DB-CCB43D2B1EBC}.Release|Any CPU.Build.0 = Release|Any CPU
	EndGlobalSection
	GlobalSection(SolutionProperties) = preSolution
		HideSolutionNode = FALSE
	EndGlobalSection
	GlobalSection(ExtensibilityGlobals) = postSolution
		SolutionGuid = {93BBAE78-98D9-47D0-B060-929CE574E89B}
	EndGlobalSection
EndGlobal
